
Microsoft Visual Studio Solution File, Format Version 12.00
# Visual Studio Version 17
VisualStudioVersion = 17.5.002.0
MinimumVisualStudioVersion = 10.0.40219.1
Project("{9A19103F-16F7-4668-BE54-9A1E7A4F7556}") = "EntityFrameworkConsoleApp", "EntityFrameworkConsoleApp.csproj", "{82E2AA82-12A8-4A5C-AC28-897520CE5DAF}"
EndProject
Global
	GlobalSection(SolutionConfigurationPlatforms) = preSolution
		Debug|Any CPU = Debug|Any CPU
		Release|Any CPU = Release|Any CPU
	EndGlobalSection
	GlobalSection(ProjectConfigurationPlatforms) = postSolution
		{82E2AA82-12A8-4A5C-AC28-897520CE5DAF}.Debug|Any CPU.ActiveCfg = Debug|Any CPU
		{82E2AA82-12A8-4A5C-AC28-897520CE5DAF}.Debug|Any CPU.Build.0 = Debug|Any CPU
		{82E2AA82-12A8-4A5C-AC28-897520CE5DAF}.Release|Any CPU.ActiveCfg = Release|Any CPU
		{82E2AA82-12A8-4A5C-AC28-897520CE5DAF}.Release|Any CPU.Build.0 = Release|Any CPU
	EndGlobalSection
	GlobalSection(SolutionProperties) = preSolution
		HideSolutionNode = FALSE
	EndGlobalSection
	GlobalSection(ExtensibilityGlobals) = postSolution
		SolutionGuid = {15AC242A-F5C7-4A01-8FBE-C53420BE1177}
	EndGlobalSection
EndGlobal
